
Microsoft Visual Studio Solution File, Format Version 12.00
# Visual Studio Version 16
VisualStudioVersion = 16.0.28803.156
MinimumVisualStudioVersion = 10.0.40219.1
Project("{9A19103F-16F7-4668-BE54-9A1E7A4F7556}") = "RecursivePatterns", "CSharpLang8\RecursivePatterns\RecursivePatterns.csproj", "{0A3AC498-0DAA-46FB-831C-81292F37F19E}"
EndProject
Project("{9A19103F-16F7-4668-BE54-9A1E7A4F7556}") = "Tuples", "CSharpLang7\Tuples\Tuples.csproj", "{50136B21-47A4-491B-B426-082E804608EB}"
EndProject
Project("{9A19103F-16F7-4668-BE54-9A1E7A4F7556}") = "PatternMatching", "CSharpLang7\PatternMatching\PatternMatching.csproj", "{6FB55A12-B10E-43D8-9EA3-60E1A0452C9E}"
EndProject
Project("{2150E333-8FDC-42A3-9474-1A3956D46DE8}") = "CSharpLang7", "CSharpLang7", "{45653B30-48BE-46B3-B5EA-D566B4F692F6}"
EndProject
Project("{2150E333-8FDC-42A3-9474-1A3956D46DE8}") = "CSharpLang8", "CSharpLang8", "{4AED8D9C-2A98-467A-9AD5-D4D6B9A6E40C}"
EndProject
Project("{9A19103F-16F7-4668-BE54-9A1E7A4F7556}") = "Ranges", "Ranges\Ranges.csproj", "{5693BB39-819F-46BE-B6E6-F667C849EE1F}"
EndProject
Project("{9A19103F-16F7-4668-BE54-9A1E7A4F7556}") = "NullableReferenceTypes", "NullableTypes\NullableReferenceTypes.csproj", "{DB37DE94-BEED-4EF3-8DEF-EB5192700648}"
EndProject
Project("{FAE04EC0-301F-11D3-BF4B-00C04F79EFBC}") = "UsingDeclarations", "UsingDeclarations\UsingDeclarations.csproj", "{06E7D93E-AA72-479D-B161-CB767C2372EC}"
EndProject
Project("{FAE04EC0-301F-11D3-BF4B-00C04F79EFBC}") = "StaticLocalFunctions", "StaticLocalFunctions\StaticLocalFunctions.csproj", "{CE3FF828-4A68-4D3E-8D4C-1552CF94CF29}"
EndProject
Project("{FAE04EC0-301F-11D3-BF4B-00C04F79EFBC}") = "AsyncStreams", "AsyncStreams\AsyncStreams.csproj", "{3D71AB45-B9DF-4636-AC8F-1C777F634D83}"
EndProject
Project("{FAE04EC0-301F-11D3-BF4B-00C04F79EFBC}") = "ReadonlyMembers", "ReadonlyMembers\ReadonlyMembers.csproj", "{D50193B1-1049-4EA0-AF72-8B86921E3B0A}"
EndProject
Global
	GlobalSection(SolutionConfigurationPlatforms) = preSolution
		Debug|Any CPU = Debug|Any CPU
		Release|Any CPU = Release|Any CPU
	EndGlobalSection
	GlobalSection(ProjectConfigurationPlatforms) = postSolution
		{0A3AC498-0DAA-46FB-831C-81292F37F19E}.Debug|Any CPU.ActiveCfg = Debug|Any CPU
		{0A3AC498-0DAA-46FB-831C-81292F37F19E}.Debug|Any CPU.Build.0 = Debug|Any CPU
		{0A3AC498-0DAA-46FB-831C-81292F37F19E}.Release|Any CPU.ActiveCfg = Release|Any CPU
		{0A3AC498-0DAA-46FB-831C-81292F37F19E}.Release|Any CPU.Build.0 = Release|Any CPU
		{50136B21-47A4-491B-B426-082E804608EB}.Debug|Any CPU.ActiveCfg = Debug|Any CPU
		{50136B21-47A4-491B-B426-082E804608EB}.Debug|Any CPU.Build.0 = Debug|Any CPU
		{50136B21-47A4-491B-B426-082E804608EB}.Release|Any CPU.ActiveCfg = Release|Any CPU
		{50136B21-47A4-491B-B426-082E804608EB}.Release|Any CPU.Build.0 = Release|Any CPU
		{6FB55A12-B10E-43D8-9EA3-60E1A0452C9E}.Debug|Any CPU.ActiveCfg = Debug|Any CPU
		{6FB55A12-B10E-43D8-9EA3-60E1A0452C9E}.Debug|Any CPU.Build.0 = Debug|Any CPU
		{6FB55A12-B10E-43D8-9EA3-60E1A0452C9E}.Release|Any CPU.ActiveCfg = Release|Any CPU
		{6FB55A12-B10E-43D8-9EA3-60E1A0452C9E}.Release|Any CPU.Build.0 = Release|Any CPU
		{5693BB39-819F-46BE-B6E6-F667C849EE1F}.Debug|Any CPU.ActiveCfg = Debug|Any CPU
		{5693BB39-819F-46BE-B6E6-F667C849EE1F}.Debug|Any CPU.Build.0 = Debug|Any CPU
		{5693BB39-819F-46BE-B6E6-F667C849EE1F}.Release|Any CPU.ActiveCfg = Release|Any CPU
		{5693BB39-819F-46BE-B6E6-F667C849EE1F}.Release|Any CPU.Build.0 = Release|Any CPU
		{DB37DE94-BEED-4EF3-8DEF-EB5192700648}.Debug|Any CPU.ActiveCfg = Debug|Any CPU
		{DB37DE94-BEED-4EF3-8DEF-EB5192700648}.Debug|Any CPU.Build.0 = Debug|Any CPU
		{DB37DE94-BEED-4EF3-8DEF-EB5192700648}.Release|Any CPU.ActiveCfg = Release|Any CPU
		{DB37DE94-BEED-4EF3-8DEF-EB5192700648}.Release|Any CPU.Build.0 = Release|Any CPU
		{06E7D93E-AA72-479D-B161-CB767C2372EC}.Debug|Any CPU.ActiveCfg = Debug|Any CPU
		{06E7D93E-AA72-479D-B161-CB767C2372EC}.Debug|Any CPU.Build.0 = Debug|Any CPU
		{06E7D93E-AA72-479D-B161-CB767C2372EC}.Release|Any CPU.ActiveCfg = Release|Any CPU
		{06E7D93E-AA72-479D-B161-CB767C2372EC}.Release|Any CPU.Build.0 = Release|Any CPU
		{CE3FF828-4A68-4D3E-8D4C-1552CF94CF29}.Debug|Any CPU.ActiveCfg = Debug|Any CPU
		{CE3FF828-4A68-4D3E-8D4C-1552CF94CF29}.Debug|Any CPU.Build.0 = Debug|Any CPU
		{CE3FF828-4A68-4D3E-8D4C-1552CF94CF29}.Release|Any CPU.ActiveCfg = Release|Any CPU
		{CE3FF828-4A68-4D3E-8D4C-1552CF94CF29}.Release|Any CPU.Build.0 = Release|Any CPU
		{3D71AB45-B9DF-4636-AC8F-1C777F634D83}.Debug|Any CPU.ActiveCfg = Debug|Any CPU
		{3D71AB45-B9DF-4636-AC8F-1C777F634D83}.Debug|Any CPU.Build.0 = Debug|Any CPU
		{3D71AB45-B9DF-4636-AC8F-1C777F634D83}.Release|Any CPU.ActiveCfg = Release|Any CPU
		{3D71AB45-B9DF-4636-AC8F-1C777F634D83}.Release|Any CPU.Build.0 = Release|Any CPU
		{D50193B1-1049-4EA0-AF72-8B86921E3B0A}.Debug|Any CPU.ActiveCfg = Debug|Any CPU
		{D50193B1-1049-4EA0-AF72-8B86921E3B0A}.Debug|Any CPU.Build.0 = Debug|Any CPU
		{D50193B1-1049-4EA0-AF72-8B86921E3B0A}.Release|Any CPU.ActiveCfg = Release|Any CPU
		{D50193B1-1049-4EA0-AF72-8B86921E3B0A}.Release|Any CPU.Build.0 = Release|Any CPU
	EndGlobalSection
	GlobalSection(SolutionProperties) = preSolution
		HideSolutionNode = FALSE
	EndGlobalSection
	GlobalSection(NestedProjects) = preSolution
		{0A3AC498-0DAA-46FB-831C-81292F37F19E} = {4AED8D9C-2A98-467A-9AD5-D4D6B9A6E40C}
		{50136B21-47A4-491B-B426-082E804608EB} = {45653B30-48BE-46B3-B5EA-D566B4F692F6}
		{6FB55A12-B10E-43D8-9EA3-60E1A0452C9E} = {45653B30-48BE-46B3-B5EA-D566B4F692F6}
		{5693BB39-819F-46BE-B6E6-F667C849EE1F} = {4AED8D9C-2A98-467A-9AD5-D4D6B9A6E40C}
		{DB37DE94-BEED-4EF3-8DEF-EB5192700648} = {4AED8D9C-2A98-467A-9AD5-D4D6B9A6E40C}
		{06E7D93E-AA72-479D-B161-CB767C2372EC} = {4AED8D9C-2A98-467A-9AD5-D4D6B9A6E40C}
		{CE3FF828-4A68-4D3E-8D4C-1552CF94CF29} = {4AED8D9C-2A98-467A-9AD5-D4D6B9A6E40C}
		{3D71AB45-B9DF-4636-AC8F-1C777F634D83} = {4AED8D9C-2A98-467A-9AD5-D4D6B9A6E40C}
		{D50193B1-1049-4EA0-AF72-8B86921E3B0A} = {4AED8D9C-2A98-467A-9AD5-D4D6B9A6E40C}
	EndGlobalSection
	GlobalSection(ExtensibilityGlobals) = postSolution
		SolutionGuid = {BD79C9C6-1E56-485E-B72F-97C69C3E9A93}
	EndGlobalSection
EndGlobal
